// !$*UTF8*$!
{
	archiveVersion = 1;
	classes = {
	};
	objectVersion = 51;
	objects = {

/* Begin PBXBuildFile section */
		3FBD8A7986880A5C639D3FC2 /* Pods_JustHerosSnapshotTests.framework in Frameworks */ = {isa = PBXBuildFile; fileRef = 858519037E8FF7AD7C95D8FF /* Pods_JustHerosSnapshotTests.framework */; };
		43D794A75A877813E3C84157 /* Pods_JustHeroesUITests.framework in Frameworks */ = {isa = PBXBuildFile; fileRef = 4016DECDE6C890D5A0D8D81C /* Pods_JustHeroesUITests.framework */; };
		80A200674A9081C9B7921D0E /* Pods_JustHeroes.framework in Frameworks */ = {isa = PBXBuildFile; fileRef = 414EA569CA05828550CE1288 /* Pods_JustHeroes.framework */; };
		9651AE076B1F4ADAB0849B17 /* Pods_JustHeroesTests.framework in Frameworks */ = {isa = PBXBuildFile; fileRef = 4B80BF8A04E004274FE9E75E /* Pods_JustHeroesTests.framework */; };
		B123A14724ED87F2008EABC3 /* CollectionViewSection.swift in Sources */ = {isa = PBXBuildFile; fileRef = B123A14624ED87F2008EABC3 /* CollectionViewSection.swift */; };
		B123A32E24EDD5DA008EABC3 /* CollectionViewItem.swift in Sources */ = {isa = PBXBuildFile; fileRef = B123A32D24EDD5DA008EABC3 /* CollectionViewItem.swift */; };
		B123A33124EDD74B008EABC3 /* CardCollectionViewCell.swift in Sources */ = {isa = PBXBuildFile; fileRef = B123A33024EDD74B008EABC3 /* CardCollectionViewCell.swift */; };
		B123A33424EDD7BE008EABC3 /* UIColor.swift in Sources */ = {isa = PBXBuildFile; fileRef = B123A33324EDD7BE008EABC3 /* UIColor.swift */; };
		B123A33724EDD805008EABC3 /* UILabel.swift in Sources */ = {isa = PBXBuildFile; fileRef = B123A33624EDD805008EABC3 /* UILabel.swift */; };
		B123A33924EDD897008EABC3 /* CardCollectionItem.swift in Sources */ = {isa = PBXBuildFile; fileRef = B123A33824EDD897008EABC3 /* CardCollectionItem.swift */; };
		B123A33B24EDD8ED008EABC3 /* CardCollectionSection.swift in Sources */ = {isa = PBXBuildFile; fileRef = B123A33A24EDD8ED008EABC3 /* CardCollectionSection.swift */; };
		B123A33D24EDD97C008EABC3 /* CardListViewController.swift in Sources */ = {isa = PBXBuildFile; fileRef = B123A33C24EDD97C008EABC3 /* CardListViewController.swift */; };
		B123A34024EDDA85008EABC3 /* Assembler.swift in Sources */ = {isa = PBXBuildFile; fileRef = B123A33F24EDDA85008EABC3 /* Assembler.swift */; };
		B123A34824EDDDA7008EABC3 /* CardListViewControllerSnapshotTest.swift in Sources */ = {isa = PBXBuildFile; fileRef = B123A34724EDDDA7008EABC3 /* CardListViewControllerSnapshotTest.swift */; };
		B146698A24EC4FEB0009FF15 /* CollectionViewDataSource.swift in Sources */ = {isa = PBXBuildFile; fileRef = B146698924EC4FEB0009FF15 /* CollectionViewDataSource.swift */; };
		B17F51E324EC4D0B00ECEAA6 /* AppDelegate.swift in Sources */ = {isa = PBXBuildFile; fileRef = B17F51E224EC4D0B00ECEAA6 /* AppDelegate.swift */; };
		B17F51E524EC4D0B00ECEAA6 /* SceneDelegate.swift in Sources */ = {isa = PBXBuildFile; fileRef = B17F51E424EC4D0B00ECEAA6 /* SceneDelegate.swift */; };
		B17F51E724EC4D0B00ECEAA6 /* ContentView.swift in Sources */ = {isa = PBXBuildFile; fileRef = B17F51E624EC4D0B00ECEAA6 /* ContentView.swift */; };
		B17F51E924EC4D0C00ECEAA6 /* Assets.xcassets in Resources */ = {isa = PBXBuildFile; fileRef = B17F51E824EC4D0C00ECEAA6 /* Assets.xcassets */; };
		B17F51EC24EC4D0C00ECEAA6 /* Preview Assets.xcassets in Resources */ = {isa = PBXBuildFile; fileRef = B17F51EB24EC4D0C00ECEAA6 /* Preview Assets.xcassets */; };
		B17F51EF24EC4D0C00ECEAA6 /* LaunchScreen.storyboard in Resources */ = {isa = PBXBuildFile; fileRef = B17F51ED24EC4D0C00ECEAA6 /* LaunchScreen.storyboard */; };
		B17F51FA24EC4D0C00ECEAA6 /* CollectionViewDataSourceTest.swift in Sources */ = {isa = PBXBuildFile; fileRef = B17F51F924EC4D0C00ECEAA6 /* CollectionViewDataSourceTest.swift */; };
		B17F520524EC4D0C00ECEAA6 /* JustHeroesUITests.swift in Sources */ = {isa = PBXBuildFile; fileRef = B17F520424EC4D0C00ECEAA6 /* JustHeroesUITests.swift */; };
/* End PBXBuildFile section */

/* Begin PBXContainerItemProxy section */
		B123A34A24EDDDA7008EABC3 /* PBXContainerItemProxy */ = {
			isa = PBXContainerItemProxy;
			containerPortal = B17F51D724EC4D0B00ECEAA6 /* Project object */;
			proxyType = 1;
			remoteGlobalIDString = B17F51DE24EC4D0B00ECEAA6;
			remoteInfo = JustHeroes;
		};
		B17F51F624EC4D0C00ECEAA6 /* PBXContainerItemProxy */ = {
			isa = PBXContainerItemProxy;
			containerPortal = B17F51D724EC4D0B00ECEAA6 /* Project object */;
			proxyType = 1;
			remoteGlobalIDString = B17F51DE24EC4D0B00ECEAA6;
			remoteInfo = JustHeroes;
		};
		B17F520124EC4D0C00ECEAA6 /* PBXContainerItemProxy */ = {
			isa = PBXContainerItemProxy;
			containerPortal = B17F51D724EC4D0B00ECEAA6 /* Project object */;
			proxyType = 1;
			remoteGlobalIDString = B17F51DE24EC4D0B00ECEAA6;
			remoteInfo = JustHeroes;
		};
/* End PBXContainerItemProxy section */

/* Begin PBXFileReference section */
		38DCB65EF8E374C4032432A4 /* Pods-JustHeroesTests.debug.xcconfig */ = {isa = PBXFileReference; includeInIndex = 1; lastKnownFileType = text.xcconfig; name = "Pods-JustHeroesTests.debug.xcconfig"; path = "Target Support Files/Pods-JustHeroesTests/Pods-JustHeroesTests.debug.xcconfig"; sourceTree = "<group>"; };
		4016DECDE6C890D5A0D8D81C /* Pods_JustHeroesUITests.framework */ = {isa = PBXFileReference; explicitFileType = wrapper.framework; includeInIndex = 0; path = Pods_JustHeroesUITests.framework; sourceTree = BUILT_PRODUCTS_DIR; };
		414EA569CA05828550CE1288 /* Pods_JustHeroes.framework */ = {isa = PBXFileReference; explicitFileType = wrapper.framework; includeInIndex = 0; path = Pods_JustHeroes.framework; sourceTree = BUILT_PRODUCTS_DIR; };
		43E5A243D1075B20C01D55A7 /* Pods-JustHeroes.debug.xcconfig */ = {isa = PBXFileReference; includeInIndex = 1; lastKnownFileType = text.xcconfig; name = "Pods-JustHeroes.debug.xcconfig"; path = "Target Support Files/Pods-JustHeroes/Pods-JustHeroes.debug.xcconfig"; sourceTree = "<group>"; };
		488469E0400614BD07219B59 /* Pods-JustHeroes.release.xcconfig */ = {isa = PBXFileReference; includeInIndex = 1; lastKnownFileType = text.xcconfig; name = "Pods-JustHeroes.release.xcconfig"; path = "Target Support Files/Pods-JustHeroes/Pods-JustHeroes.release.xcconfig"; sourceTree = "<group>"; };
		4B80BF8A04E004274FE9E75E /* Pods_JustHeroesTests.framework */ = {isa = PBXFileReference; explicitFileType = wrapper.framework; includeInIndex = 0; path = Pods_JustHeroesTests.framework; sourceTree = BUILT_PRODUCTS_DIR; };
		775220359E02D876F89BB666 /* Pods-JustHerosSnapshotTests.release.xcconfig */ = {isa = PBXFileReference; includeInIndex = 1; lastKnownFileType = text.xcconfig; name = "Pods-JustHerosSnapshotTests.release.xcconfig"; path = "Target Support Files/Pods-JustHerosSnapshotTests/Pods-JustHerosSnapshotTests.release.xcconfig"; sourceTree = "<group>"; };
		7E45CB9FEBE24384DC06C561 /* Pods-JustHerosSnapshotTests.debug.xcconfig */ = {isa = PBXFileReference; includeInIndex = 1; lastKnownFileType = text.xcconfig; name = "Pods-JustHerosSnapshotTests.debug.xcconfig"; path = "Target Support Files/Pods-JustHerosSnapshotTests/Pods-JustHerosSnapshotTests.debug.xcconfig"; sourceTree = "<group>"; };
		858519037E8FF7AD7C95D8FF /* Pods_JustHerosSnapshotTests.framework */ = {isa = PBXFileReference; explicitFileType = wrapper.framework; includeInIndex = 0; path = Pods_JustHerosSnapshotTests.framework; sourceTree = BUILT_PRODUCTS_DIR; };
		B123A14624ED87F2008EABC3 /* CollectionViewSection.swift */ = {isa = PBXFileReference; lastKnownFileType = sourcecode.swift; path = CollectionViewSection.swift; sourceTree = "<group>"; };
		B123A32D24EDD5DA008EABC3 /* CollectionViewItem.swift */ = {isa = PBXFileReference; lastKnownFileType = sourcecode.swift; path = CollectionViewItem.swift; sourceTree = "<group>"; };
		B123A33024EDD74B008EABC3 /* CardCollectionViewCell.swift */ = {isa = PBXFileReference; lastKnownFileType = sourcecode.swift; path = CardCollectionViewCell.swift; sourceTree = "<group>"; };
		B123A33324EDD7BE008EABC3 /* UIColor.swift */ = {isa = PBXFileReference; fileEncoding = 4; lastKnownFileType = sourcecode.swift; path = UIColor.swift; sourceTree = "<group>"; };
		B123A33624EDD805008EABC3 /* UILabel.swift */ = {isa = PBXFileReference; lastKnownFileType = sourcecode.swift; path = UILabel.swift; sourceTree = "<group>"; };
		B123A33824EDD897008EABC3 /* CardCollectionItem.swift */ = {isa = PBXFileReference; lastKnownFileType = sourcecode.swift; path = CardCollectionItem.swift; sourceTree = "<group>"; };
		B123A33A24EDD8ED008EABC3 /* CardCollectionSection.swift */ = {isa = PBXFileReference; lastKnownFileType = sourcecode.swift; path = CardCollectionSection.swift; sourceTree = "<group>"; };
		B123A33C24EDD97C008EABC3 /* CardListViewController.swift */ = {isa = PBXFileReference; lastKnownFileType = sourcecode.swift; path = CardListViewController.swift; sourceTree = "<group>"; };
		B123A33F24EDDA85008EABC3 /* Assembler.swift */ = {isa = PBXFileReference; lastKnownFileType = sourcecode.swift; path = Assembler.swift; sourceTree = "<group>"; };
		B123A34524EDDDA7008EABC3 /* JustHerosSnapshotTests.xctest */ = {isa = PBXFileReference; explicitFileType = wrapper.cfbundle; includeInIndex = 0; path = JustHerosSnapshotTests.xctest; sourceTree = BUILT_PRODUCTS_DIR; };
		B123A34724EDDDA7008EABC3 /* CardListViewControllerSnapshotTest.swift */ = {isa = PBXFileReference; lastKnownFileType = sourcecode.swift; path = CardListViewControllerSnapshotTest.swift; sourceTree = "<group>"; };
		B123A34924EDDDA7008EABC3 /* Info.plist */ = {isa = PBXFileReference; lastKnownFileType = text.plist.xml; path = Info.plist; sourceTree = "<group>"; };
		B146698924EC4FEB0009FF15 /* CollectionViewDataSource.swift */ = {isa = PBXFileReference; lastKnownFileType = sourcecode.swift; path = CollectionViewDataSource.swift; sourceTree = "<group>"; };
		B17F51DF24EC4D0B00ECEAA6 /* JustHeroes.app */ = {isa = PBXFileReference; explicitFileType = wrapper.application; includeInIndex = 0; path = JustHeroes.app; sourceTree = BUILT_PRODUCTS_DIR; };
		B17F51E224EC4D0B00ECEAA6 /* AppDelegate.swift */ = {isa = PBXFileReference; lastKnownFileType = sourcecode.swift; path = AppDelegate.swift; sourceTree = "<group>"; };
		B17F51E424EC4D0B00ECEAA6 /* SceneDelegate.swift */ = {isa = PBXFileReference; lastKnownFileType = sourcecode.swift; path = SceneDelegate.swift; sourceTree = "<group>"; };
		B17F51E624EC4D0B00ECEAA6 /* ContentView.swift */ = {isa = PBXFileReference; lastKnownFileType = sourcecode.swift; path = ContentView.swift; sourceTree = "<group>"; };
		B17F51E824EC4D0C00ECEAA6 /* Assets.xcassets */ = {isa = PBXFileReference; lastKnownFileType = folder.assetcatalog; path = Assets.xcassets; sourceTree = "<group>"; };
		B17F51EB24EC4D0C00ECEAA6 /* Preview Assets.xcassets */ = {isa = PBXFileReference; lastKnownFileType = folder.assetcatalog; path = "Preview Assets.xcassets"; sourceTree = "<group>"; };
		B17F51EE24EC4D0C00ECEAA6 /* Base */ = {isa = PBXFileReference; lastKnownFileType = file.storyboard; name = Base; path = Base.lproj/LaunchScreen.storyboard; sourceTree = "<group>"; };
		B17F51F024EC4D0C00ECEAA6 /* Info.plist */ = {isa = PBXFileReference; lastKnownFileType = text.plist.xml; path = Info.plist; sourceTree = "<group>"; };
		B17F51F524EC4D0C00ECEAA6 /* JustHeroesTests.xctest */ = {isa = PBXFileReference; explicitFileType = wrapper.cfbundle; includeInIndex = 0; path = JustHeroesTests.xctest; sourceTree = BUILT_PRODUCTS_DIR; };
		B17F51F924EC4D0C00ECEAA6 /* CollectionViewDataSourceTest.swift */ = {isa = PBXFileReference; lastKnownFileType = sourcecode.swift; path = CollectionViewDataSourceTest.swift; sourceTree = "<group>"; };
		B17F51FB24EC4D0C00ECEAA6 /* Info.plist */ = {isa = PBXFileReference; lastKnownFileType = text.plist.xml; path = Info.plist; sourceTree = "<group>"; };
		B17F520024EC4D0C00ECEAA6 /* JustHeroesUITests.xctest */ = {isa = PBXFileReference; explicitFileType = wrapper.cfbundle; includeInIndex = 0; path = JustHeroesUITests.xctest; sourceTree = BUILT_PRODUCTS_DIR; };
		B17F520424EC4D0C00ECEAA6 /* JustHeroesUITests.swift */ = {isa = PBXFileReference; lastKnownFileType = sourcecode.swift; path = JustHeroesUITests.swift; sourceTree = "<group>"; };
		B17F520624EC4D0C00ECEAA6 /* Info.plist */ = {isa = PBXFileReference; lastKnownFileType = text.plist.xml; path = Info.plist; sourceTree = "<group>"; };
		B7F89263EC855665A5827AD2 /* Pods-JustHeroesUITests.release.xcconfig */ = {isa = PBXFileReference; includeInIndex = 1; lastKnownFileType = text.xcconfig; name = "Pods-JustHeroesUITests.release.xcconfig"; path = "Target Support Files/Pods-JustHeroesUITests/Pods-JustHeroesUITests.release.xcconfig"; sourceTree = "<group>"; };
		EA846486557CBF5A71B0B89B /* Pods-JustHeroesUITests.debug.xcconfig */ = {isa = PBXFileReference; includeInIndex = 1; lastKnownFileType = text.xcconfig; name = "Pods-JustHeroesUITests.debug.xcconfig"; path = "Target Support Files/Pods-JustHeroesUITests/Pods-JustHeroesUITests.debug.xcconfig"; sourceTree = "<group>"; };
		F2784812CD5483FC1DD1192D /* Pods-JustHeroesTests.release.xcconfig */ = {isa = PBXFileReference; includeInIndex = 1; lastKnownFileType = text.xcconfig; name = "Pods-JustHeroesTests.release.xcconfig"; path = "Target Support Files/Pods-JustHeroesTests/Pods-JustHeroesTests.release.xcconfig"; sourceTree = "<group>"; };
/* End PBXFileReference section */

/* Begin PBXFrameworksBuildPhase section */
		B123A34224EDDDA7008EABC3 /* Frameworks */ = {
			isa = PBXFrameworksBuildPhase;
			buildActionMask = 2147483647;
			files = (
				3FBD8A7986880A5C639D3FC2 /* Pods_JustHerosSnapshotTests.framework in Frameworks */,
			);
			runOnlyForDeploymentPostprocessing = 0;
		};
		B17F51DC24EC4D0B00ECEAA6 /* Frameworks */ = {
			isa = PBXFrameworksBuildPhase;
			buildActionMask = 2147483647;
			files = (
				80A200674A9081C9B7921D0E /* Pods_JustHeroes.framework in Frameworks */,
			);
			runOnlyForDeploymentPostprocessing = 0;
		};
		B17F51F224EC4D0C00ECEAA6 /* Frameworks */ = {
			isa = PBXFrameworksBuildPhase;
			buildActionMask = 2147483647;
			files = (
				9651AE076B1F4ADAB0849B17 /* Pods_JustHeroesTests.framework in Frameworks */,
			);
			runOnlyForDeploymentPostprocessing = 0;
		};
		B17F51FD24EC4D0C00ECEAA6 /* Frameworks */ = {
			isa = PBXFrameworksBuildPhase;
			buildActionMask = 2147483647;
			files = (
				43D794A75A877813E3C84157 /* Pods_JustHeroesUITests.framework in Frameworks */,
			);
			runOnlyForDeploymentPostprocessing = 0;
		};
/* End PBXFrameworksBuildPhase section */

/* Begin PBXGroup section */
		B123A32F24EDD720008EABC3 /* CollectionViewKit */ = {
			isa = PBXGroup;
			children = (
				B146698924EC4FEB0009FF15 /* CollectionViewDataSource.swift */,
				B123A14624ED87F2008EABC3 /* CollectionViewSection.swift */,
				B123A32D24EDD5DA008EABC3 /* CollectionViewItem.swift */,
			);
			path = CollectionViewKit;
			sourceTree = "<group>";
		};
		B123A33224EDD74F008EABC3 /* Components */ = {
			isa = PBXGroup;
			children = (
				B123A33E24EDD983008EABC3 /* CardList */,
			);
			path = Components;
			sourceTree = "<group>";
		};
		B123A33524EDD7CD008EABC3 /* Extensions */ = {
			isa = PBXGroup;
			children = (
				B123A33324EDD7BE008EABC3 /* UIColor.swift */,
				B123A33624EDD805008EABC3 /* UILabel.swift */,
			);
			path = Extensions;
			sourceTree = "<group>";
		};
		B123A33E24EDD983008EABC3 /* CardList */ = {
			isa = PBXGroup;
			children = (
				B123A33024EDD74B008EABC3 /* CardCollectionViewCell.swift */,
				B123A33C24EDD97C008EABC3 /* CardListViewController.swift */,
				B123A33824EDD897008EABC3 /* CardCollectionItem.swift */,
				B123A33A24EDD8ED008EABC3 /* CardCollectionSection.swift */,
			);
			path = CardList;
			sourceTree = "<group>";
		};
		B123A34624EDDDA7008EABC3 /* JustHerosSnapshotTests */ = {
			isa = PBXGroup;
			children = (
				B123A34724EDDDA7008EABC3 /* CardListViewControllerSnapshotTest.swift */,
				B123A34924EDDDA7008EABC3 /* Info.plist */,
			);
			path = JustHerosSnapshotTests;
			sourceTree = "<group>";
		};
		B17F51D624EC4D0B00ECEAA6 = {
			isa = PBXGroup;
			children = (
				B17F51E124EC4D0B00ECEAA6 /* JustHeroes */,
				B17F51F824EC4D0C00ECEAA6 /* JustHeroesTests */,
				B17F520324EC4D0C00ECEAA6 /* JustHeroesUITests */,
				B123A34624EDDDA7008EABC3 /* JustHerosSnapshotTests */,
				B17F51E024EC4D0B00ECEAA6 /* Products */,
				E2841960DCDC68ABB49EB279 /* Pods */,
				D14F5198151D77715DE3BE82 /* Frameworks */,
			);
			sourceTree = "<group>";
		};
		B17F51E024EC4D0B00ECEAA6 /* Products */ = {
			isa = PBXGroup;
			children = (
				B17F51DF24EC4D0B00ECEAA6 /* JustHeroes.app */,
				B17F51F524EC4D0C00ECEAA6 /* JustHeroesTests.xctest */,
				B17F520024EC4D0C00ECEAA6 /* JustHeroesUITests.xctest */,
				B123A34524EDDDA7008EABC3 /* JustHerosSnapshotTests.xctest */,
			);
			name = Products;
			sourceTree = "<group>";
		};
		B17F51E124EC4D0B00ECEAA6 /* JustHeroes */ = {
			isa = PBXGroup;
			children = (
				B17F51E224EC4D0B00ECEAA6 /* AppDelegate.swift */,
				B17F51E424EC4D0B00ECEAA6 /* SceneDelegate.swift */,
				B17F51E624EC4D0B00ECEAA6 /* ContentView.swift */,
				B17F51E824EC4D0C00ECEAA6 /* Assets.xcassets */,
				B17F51ED24EC4D0C00ECEAA6 /* LaunchScreen.storyboard */,
				B17F51F024EC4D0C00ECEAA6 /* Info.plist */,
				B123A33F24EDDA85008EABC3 /* Assembler.swift */,
				B123A33524EDD7CD008EABC3 /* Extensions */,
				B123A33224EDD74F008EABC3 /* Components */,
				B123A32F24EDD720008EABC3 /* CollectionViewKit */,
				B17F51EA24EC4D0C00ECEAA6 /* Preview Content */,
			);
			path = JustHeroes;
			sourceTree = "<group>";
		};
		B17F51EA24EC4D0C00ECEAA6 /* Preview Content */ = {
			isa = PBXGroup;
			children = (
				B17F51EB24EC4D0C00ECEAA6 /* Preview Assets.xcassets */,
			);
			path = "Preview Content";
			sourceTree = "<group>";
		};
		B17F51F824EC4D0C00ECEAA6 /* JustHeroesTests */ = {
			isa = PBXGroup;
			children = (
				B17F51F924EC4D0C00ECEAA6 /* CollectionViewDataSourceTest.swift */,
				B17F51FB24EC4D0C00ECEAA6 /* Info.plist */,
			);
			path = JustHeroesTests;
			sourceTree = "<group>";
		};
		B17F520324EC4D0C00ECEAA6 /* JustHeroesUITests */ = {
			isa = PBXGroup;
			children = (
				B17F520424EC4D0C00ECEAA6 /* JustHeroesUITests.swift */,
				B17F520624EC4D0C00ECEAA6 /* Info.plist */,
			);
			path = JustHeroesUITests;
			sourceTree = "<group>";
		};
		D14F5198151D77715DE3BE82 /* Frameworks */ = {
			isa = PBXGroup;
			children = (
				414EA569CA05828550CE1288 /* Pods_JustHeroes.framework */,
				4B80BF8A04E004274FE9E75E /* Pods_JustHeroesTests.framework */,
				4016DECDE6C890D5A0D8D81C /* Pods_JustHeroesUITests.framework */,
				858519037E8FF7AD7C95D8FF /* Pods_JustHerosSnapshotTests.framework */,
			);
			name = Frameworks;
			sourceTree = "<group>";
		};
		E2841960DCDC68ABB49EB279 /* Pods */ = {
			isa = PBXGroup;
			children = (
				43E5A243D1075B20C01D55A7 /* Pods-JustHeroes.debug.xcconfig */,
				488469E0400614BD07219B59 /* Pods-JustHeroes.release.xcconfig */,
				38DCB65EF8E374C4032432A4 /* Pods-JustHeroesTests.debug.xcconfig */,
				F2784812CD5483FC1DD1192D /* Pods-JustHeroesTests.release.xcconfig */,
				EA846486557CBF5A71B0B89B /* Pods-JustHeroesUITests.debug.xcconfig */,
				B7F89263EC855665A5827AD2 /* Pods-JustHeroesUITests.release.xcconfig */,
				7E45CB9FEBE24384DC06C561 /* Pods-JustHerosSnapshotTests.debug.xcconfig */,
				775220359E02D876F89BB666 /* Pods-JustHerosSnapshotTests.release.xcconfig */,
			);
			path = Pods;
			sourceTree = "<group>";
		};
/* End PBXGroup section */

/* Begin PBXNativeTarget section */
		B123A34424EDDDA7008EABC3 /* JustHerosSnapshotTests */ = {
			isa = PBXNativeTarget;
			buildConfigurationList = B123A34C24EDDDA7008EABC3 /* Build configuration list for PBXNativeTarget "JustHerosSnapshotTests" */;
			buildPhases = (
				50072CA780A9F12F8BBA5AEF /* [CP] Check Pods Manifest.lock */,
				B123A34124EDDDA7008EABC3 /* Sources */,
				B123A34224EDDDA7008EABC3 /* Frameworks */,
				B123A34324EDDDA7008EABC3 /* Resources */,
				3BD24B2B0A77B6AD62C3499C /* [CP] Embed Pods Frameworks */,
			);
			buildRules = (
			);
			dependencies = (
				B123A34B24EDDDA7008EABC3 /* PBXTargetDependency */,
			);
			name = JustHerosSnapshotTests;
			productName = JustHerosSnapshotTests;
			productReference = B123A34524EDDDA7008EABC3 /* JustHerosSnapshotTests.xctest */;
			productType = "com.apple.product-type.bundle.unit-test";
		};
		B17F51DE24EC4D0B00ECEAA6 /* JustHeroes */ = {
			isa = PBXNativeTarget;
			buildConfigurationList = B17F520924EC4D0C00ECEAA6 /* Build configuration list for PBXNativeTarget "JustHeroes" */;
			buildPhases = (
				47D05E3C91013556F4413F36 /* [CP] Check Pods Manifest.lock */,
				B17F51DB24EC4D0B00ECEAA6 /* Sources */,
				B17F51DC24EC4D0B00ECEAA6 /* Frameworks */,
				B17F51DD24EC4D0B00ECEAA6 /* Resources */,
				FC2783FC4468E6B6D3D41D05 /* [CP] Embed Pods Frameworks */,
			);
			buildRules = (
			);
			dependencies = (
			);
			name = JustHeroes;
			productName = JustHeroes;
			productReference = B17F51DF24EC4D0B00ECEAA6 /* JustHeroes.app */;
			productType = "com.apple.product-type.application";
		};
		B17F51F424EC4D0C00ECEAA6 /* JustHeroesTests */ = {
			isa = PBXNativeTarget;
			buildConfigurationList = B17F520C24EC4D0C00ECEAA6 /* Build configuration list for PBXNativeTarget "JustHeroesTests" */;
			buildPhases = (
				8F3B8508528397ED0EE41414 /* [CP] Check Pods Manifest.lock */,
				B17F51F124EC4D0C00ECEAA6 /* Sources */,
				B17F51F224EC4D0C00ECEAA6 /* Frameworks */,
				B17F51F324EC4D0C00ECEAA6 /* Resources */,
			);
			buildRules = (
			);
			dependencies = (
				B17F51F724EC4D0C00ECEAA6 /* PBXTargetDependency */,
			);
			name = JustHeroesTests;
			productName = JustHeroesTests;
			productReference = B17F51F524EC4D0C00ECEAA6 /* JustHeroesTests.xctest */;
			productType = "com.apple.product-type.bundle.unit-test";
		};
		B17F51FF24EC4D0C00ECEAA6 /* JustHeroesUITests */ = {
			isa = PBXNativeTarget;
			buildConfigurationList = B17F520F24EC4D0C00ECEAA6 /* Build configuration list for PBXNativeTarget "JustHeroesUITests" */;
			buildPhases = (
				A7544EF8E75BBC8B713A54AF /* [CP] Check Pods Manifest.lock */,
				B17F51FC24EC4D0C00ECEAA6 /* Sources */,
				B17F51FD24EC4D0C00ECEAA6 /* Frameworks */,
				B17F51FE24EC4D0C00ECEAA6 /* Resources */,
			);
			buildRules = (
			);
			dependencies = (
				B17F520224EC4D0C00ECEAA6 /* PBXTargetDependency */,
			);
			name = JustHeroesUITests;
			productName = JustHeroesUITests;
			productReference = B17F520024EC4D0C00ECEAA6 /* JustHeroesUITests.xctest */;
			productType = "com.apple.product-type.bundle.ui-testing";
		};
/* End PBXNativeTarget section */

/* Begin PBXProject section */
		B17F51D724EC4D0B00ECEAA6 /* Project object */ = {
			isa = PBXProject;
			attributes = {
				LastSwiftUpdateCheck = 1150;
				LastUpgradeCheck = 1150;
				ORGANIZATIONNAME = "Daniel Mendez";
				TargetAttributes = {
					B123A34424EDDDA7008EABC3 = {
						CreatedOnToolsVersion = 11.5;
						TestTargetID = B17F51DE24EC4D0B00ECEAA6;
					};
					B17F51DE24EC4D0B00ECEAA6 = {
						CreatedOnToolsVersion = 11.5;
					};
					B17F51F424EC4D0C00ECEAA6 = {
						CreatedOnToolsVersion = 11.5;
						TestTargetID = B17F51DE24EC4D0B00ECEAA6;
					};
					B17F51FF24EC4D0C00ECEAA6 = {
						CreatedOnToolsVersion = 11.5;
						TestTargetID = B17F51DE24EC4D0B00ECEAA6;
					};
				};
			};
			buildConfigurationList = B17F51DA24EC4D0B00ECEAA6 /* Build configuration list for PBXProject "JustHeroes" */;
			compatibilityVersion = "Xcode 9.3";
			developmentRegion = en;
			hasScannedForEncodings = 0;
			knownRegions = (
				en,
				Base,
			);
			mainGroup = B17F51D624EC4D0B00ECEAA6;
			productRefGroup = B17F51E024EC4D0B00ECEAA6 /* Products */;
			projectDirPath = "";
			projectRoot = "";
			targets = (
				B17F51DE24EC4D0B00ECEAA6 /* JustHeroes */,
				B17F51F424EC4D0C00ECEAA6 /* JustHeroesTests */,
				B17F51FF24EC4D0C00ECEAA6 /* JustHeroesUITests */,
				B123A34424EDDDA7008EABC3 /* JustHerosSnapshotTests */,
			);
		};
/* End PBXProject section */

/* Begin PBXResourcesBuildPhase section */
		B123A34324EDDDA7008EABC3 /* Resources */ = {
			isa = PBXResourcesBuildPhase;
			buildActionMask = 2147483647;
			files = (
			);
			runOnlyForDeploymentPostprocessing = 0;
		};
		B17F51DD24EC4D0B00ECEAA6 /* Resources */ = {
			isa = PBXResourcesBuildPhase;
			buildActionMask = 2147483647;
			files = (
				B17F51EF24EC4D0C00ECEAA6 /* LaunchScreen.storyboard in Resources */,
				B17F51EC24EC4D0C00ECEAA6 /* Preview Assets.xcassets in Resources */,
				B17F51E924EC4D0C00ECEAA6 /* Assets.xcassets in Resources */,
			);
			runOnlyForDeploymentPostprocessing = 0;
		};
		B17F51F324EC4D0C00ECEAA6 /* Resources */ = {
			isa = PBXResourcesBuildPhase;
			buildActionMask = 2147483647;
			files = (
			);
			runOnlyForDeploymentPostprocessing = 0;
		};
		B17F51FE24EC4D0C00ECEAA6 /* Resources */ = {
			isa = PBXResourcesBuildPhase;
			buildActionMask = 2147483647;
			files = (
			);
			runOnlyForDeploymentPostprocessing = 0;
		};
/* End PBXResourcesBuildPhase section */

/* Begin PBXShellScriptBuildPhase section */
		3BD24B2B0A77B6AD62C3499C /* [CP] Embed Pods Frameworks */ = {
			isa = PBXShellScriptBuildPhase;
			buildActionMask = 2147483647;
			files = (
			);
			inputFileListPaths = (
				"${PODS_ROOT}/Target Support Files/Pods-JustHerosSnapshotTests/Pods-JustHerosSnapshotTests-frameworks-${CONFIGURATION}-input-files.xcfilelist",
			);
			name = "[CP] Embed Pods Frameworks";
			outputFileListPaths = (
				"${PODS_ROOT}/Target Support Files/Pods-JustHerosSnapshotTests/Pods-JustHerosSnapshotTests-frameworks-${CONFIGURATION}-output-files.xcfilelist",
			);
			runOnlyForDeploymentPostprocessing = 0;
			shellPath = /bin/sh;
			shellScript = "\"${PODS_ROOT}/Target Support Files/Pods-JustHerosSnapshotTests/Pods-JustHerosSnapshotTests-frameworks.sh\"\n";
			showEnvVarsInLog = 0;
		};
		47D05E3C91013556F4413F36 /* [CP] Check Pods Manifest.lock */ = {
			isa = PBXShellScriptBuildPhase;
			buildActionMask = 2147483647;
			files = (
			);
			inputFileListPaths = (
			);
			inputPaths = (
				"${PODS_PODFILE_DIR_PATH}/Podfile.lock",
				"${PODS_ROOT}/Manifest.lock",
			);
			name = "[CP] Check Pods Manifest.lock";
			outputFileListPaths = (
			);
			outputPaths = (
				"$(DERIVED_FILE_DIR)/Pods-JustHeroes-checkManifestLockResult.txt",
			);
			runOnlyForDeploymentPostprocessing = 0;
			shellPath = /bin/sh;
			shellScript = "diff \"${PODS_PODFILE_DIR_PATH}/Podfile.lock\" \"${PODS_ROOT}/Manifest.lock\" > /dev/null\nif [ $? != 0 ] ; then\n    # print error to STDERR\n    echo \"error: The sandbox is not in sync with the Podfile.lock. Run 'pod install' or update your CocoaPods installation.\" >&2\n    exit 1\nfi\n# This output is used by Xcode 'outputs' to avoid re-running this script phase.\necho \"SUCCESS\" > \"${SCRIPT_OUTPUT_FILE_0}\"\n";
			showEnvVarsInLog = 0;
		};
		50072CA780A9F12F8BBA5AEF /* [CP] Check Pods Manifest.lock */ = {
			isa = PBXShellScriptBuildPhase;
			buildActionMask = 2147483647;
			files = (
			);
			inputFileListPaths = (
			);
			inputPaths = (
				"${PODS_PODFILE_DIR_PATH}/Podfile.lock",
				"${PODS_ROOT}/Manifest.lock",
			);
			name = "[CP] Check Pods Manifest.lock";
			outputFileListPaths = (
			);
			outputPaths = (
				"$(DERIVED_FILE_DIR)/Pods-JustHerosSnapshotTests-checkManifestLockResult.txt",
			);
			runOnlyForDeploymentPostprocessing = 0;
			shellPath = /bin/sh;
			shellScript = "diff \"${PODS_PODFILE_DIR_PATH}/Podfile.lock\" \"${PODS_ROOT}/Manifest.lock\" > /dev/null\nif [ $? != 0 ] ; then\n    # print error to STDERR\n    echo \"error: The sandbox is not in sync with the Podfile.lock. Run 'pod install' or update your CocoaPods installation.\" >&2\n    exit 1\nfi\n# This output is used by Xcode 'outputs' to avoid re-running this script phase.\necho \"SUCCESS\" > \"${SCRIPT_OUTPUT_FILE_0}\"\n";
			showEnvVarsInLog = 0;
		};
		8F3B8508528397ED0EE41414 /* [CP] Check Pods Manifest.lock */ = {
			isa = PBXShellScriptBuildPhase;
			buildActionMask = 2147483647;
			files = (
			);
			inputFileListPaths = (
			);
			inputPaths = (
				"${PODS_PODFILE_DIR_PATH}/Podfile.lock",
				"${PODS_ROOT}/Manifest.lock",
			);
			name = "[CP] Check Pods Manifest.lock";
			outputFileListPaths = (
			);
			outputPaths = (
				"$(DERIVED_FILE_DIR)/Pods-JustHeroesTests-checkManifestLockResult.txt",
			);
			runOnlyForDeploymentPostprocessing = 0;
			shellPath = /bin/sh;
			shellScript = "diff \"${PODS_PODFILE_DIR_PATH}/Podfile.lock\" \"${PODS_ROOT}/Manifest.lock\" > /dev/null\nif [ $? != 0 ] ; then\n    # print error to STDERR\n    echo \"error: The sandbox is not in sync with the Podfile.lock. Run 'pod install' or update your CocoaPods installation.\" >&2\n    exit 1\nfi\n# This output is used by Xcode 'outputs' to avoid re-running this script phase.\necho \"SUCCESS\" > \"${SCRIPT_OUTPUT_FILE_0}\"\n";
			showEnvVarsInLog = 0;
		};
		A7544EF8E75BBC8B713A54AF /* [CP] Check Pods Manifest.lock */ = {
			isa = PBXShellScriptBuildPhase;
			buildActionMask = 2147483647;
			files = (
			);
			inputFileListPaths = (
			);
			inputPaths = (
				"${PODS_PODFILE_DIR_PATH}/Podfile.lock",
				"${PODS_ROOT}/Manifest.lock",
			);
			name = "[CP] Check Pods Manifest.lock";
			outputFileListPaths = (
			);
			outputPaths = (
				"$(DERIVED_FILE_DIR)/Pods-JustHeroesUITests-checkManifestLockResult.txt",
			);
			runOnlyForDeploymentPostprocessing = 0;
			shellPath = /bin/sh;
			shellScript = "diff \"${PODS_PODFILE_DIR_PATH}/Podfile.lock\" \"${PODS_ROOT}/Manifest.lock\" > /dev/null\nif [ $? != 0 ] ; then\n    # print error to STDERR\n    echo \"error: The sandbox is not in sync with the Podfile.lock. Run 'pod install' or update your CocoaPods installation.\" >&2\n    exit 1\nfi\n# This output is used by Xcode 'outputs' to avoid re-running this script phase.\necho \"SUCCESS\" > \"${SCRIPT_OUTPUT_FILE_0}\"\n";
			showEnvVarsInLog = 0;
		};
		FC2783FC4468E6B6D3D41D05 /* [CP] Embed Pods Frameworks */ = {
			isa = PBXShellScriptBuildPhase;
			buildActionMask = 2147483647;
			files = (
			);
			inputFileListPaths = (
				"${PODS_ROOT}/Target Support Files/Pods-JustHeroes/Pods-JustHeroes-frameworks-${CONFIGURATION}-input-files.xcfilelist",
			);
			name = "[CP] Embed Pods Frameworks";
			outputFileListPaths = (
				"${PODS_ROOT}/Target Support Files/Pods-JustHeroes/Pods-JustHeroes-frameworks-${CONFIGURATION}-output-files.xcfilelist",
			);
			runOnlyForDeploymentPostprocessing = 0;
			shellPath = /bin/sh;
			shellScript = "\"${PODS_ROOT}/Target Support Files/Pods-JustHeroes/Pods-JustHeroes-frameworks.sh\"\n";
			showEnvVarsInLog = 0;
		};
/* End PBXShellScriptBuildPhase section */

/* Begin PBXSourcesBuildPhase section */
		B123A34124EDDDA7008EABC3 /* Sources */ = {
			isa = PBXSourcesBuildPhase;
			buildActionMask = 2147483647;
			files = (
				B123A34824EDDDA7008EABC3 /* CardListViewControllerSnapshotTest.swift in Sources */,
			);
			runOnlyForDeploymentPostprocessing = 0;
		};
		B17F51DB24EC4D0B00ECEAA6 /* Sources */ = {
			isa = PBXSourcesBuildPhase;
			buildActionMask = 2147483647;
			files = (
				B123A33D24EDD97C008EABC3 /* CardListViewController.swift in Sources */,
				B123A33924EDD897008EABC3 /* CardCollectionItem.swift in Sources */,
				B146698A24EC4FEB0009FF15 /* CollectionViewDataSource.swift in Sources */,
				B123A32E24EDD5DA008EABC3 /* CollectionViewItem.swift in Sources */,
				B17F51E324EC4D0B00ECEAA6 /* AppDelegate.swift in Sources */,
				B123A34024EDDA85008EABC3 /* Assembler.swift in Sources */,
				B17F51E524EC4D0B00ECEAA6 /* SceneDelegate.swift in Sources */,
				B123A33724EDD805008EABC3 /* UILabel.swift in Sources */,
				B123A33124EDD74B008EABC3 /* CardCollectionViewCell.swift in Sources */,
				B123A33424EDD7BE008EABC3 /* UIColor.swift in Sources */,
				B17F51E724EC4D0B00ECEAA6 /* ContentView.swift in Sources */,
				B123A33B24EDD8ED008EABC3 /* CardCollectionSection.swift in Sources */,
				B123A14724ED87F2008EABC3 /* CollectionViewSection.swift in Sources */,
			);
			runOnlyForDeploymentPostprocessing = 0;
		};
		B17F51F124EC4D0C00ECEAA6 /* Sources */ = {
			isa = PBXSourcesBuildPhase;
			buildActionMask = 2147483647;
			files = (
				B17F51FA24EC4D0C00ECEAA6 /* CollectionViewDataSourceTest.swift in Sources */,
			);
			runOnlyForDeploymentPostprocessing = 0;
		};
		B17F51FC24EC4D0C00ECEAA6 /* Sources */ = {
			isa = PBXSourcesBuildPhase;
			buildActionMask = 2147483647;
			files = (
				B17F520524EC4D0C00ECEAA6 /* JustHeroesUITests.swift in Sources */,
			);
			runOnlyForDeploymentPostprocessing = 0;
		};
/* End PBXSourcesBuildPhase section */

/* Begin PBXTargetDependency section */
		B123A34B24EDDDA7008EABC3 /* PBXTargetDependency */ = {
			isa = PBXTargetDependency;
			target = B17F51DE24EC4D0B00ECEAA6 /* JustHeroes */;
			targetProxy = B123A34A24EDDDA7008EABC3 /* PBXContainerItemProxy */;
		};
		B17F51F724EC4D0C00ECEAA6 /* PBXTargetDependency */ = {
			isa = PBXTargetDependency;
			target = B17F51DE24EC4D0B00ECEAA6 /* JustHeroes */;
			targetProxy = B17F51F624EC4D0C00ECEAA6 /* PBXContainerItemProxy */;
		};
		B17F520224EC4D0C00ECEAA6 /* PBXTargetDependency */ = {
			isa = PBXTargetDependency;
			target = B17F51DE24EC4D0B00ECEAA6 /* JustHeroes */;
			targetProxy = B17F520124EC4D0C00ECEAA6 /* PBXContainerItemProxy */;
		};
/* End PBXTargetDependency section */

/* Begin PBXVariantGroup section */
		B17F51ED24EC4D0C00ECEAA6 /* LaunchScreen.storyboard */ = {
			isa = PBXVariantGroup;
			children = (
				B17F51EE24EC4D0C00ECEAA6 /* Base */,
			);
			name = LaunchScreen.storyboard;
			sourceTree = "<group>";
		};
/* End PBXVariantGroup section */

/* Begin XCBuildConfiguration section */
		B123A34D24EDDDA7008EABC3 /* Debug */ = {
			isa = XCBuildConfiguration;
			baseConfigurationReference = 7E45CB9FEBE24384DC06C561 /* Pods-JustHerosSnapshotTests.debug.xcconfig */;
			buildSettings = {
				BUNDLE_LOADER = "$(TEST_HOST)";
				CODE_SIGN_STYLE = Automatic;
				DEVELOPMENT_TEAM = XCD7YJUC25;
				INFOPLIST_FILE = JustHerosSnapshotTests/Info.plist;
				LD_RUNPATH_SEARCH_PATHS = (
					"$(inherited)",
					"@executable_path/Frameworks",
					"@loader_path/Frameworks",
				);
				PRODUCT_BUNDLE_IDENTIFIER = com.nieldm.JustHerosSnapshotTests;
				PRODUCT_NAME = "$(TARGET_NAME)";
				SWIFT_VERSION = 5.0;
				TARGETED_DEVICE_FAMILY = "1,2";
				TEST_HOST = "$(BUILT_PRODUCTS_DIR)/JustHeroes.app/JustHeroes";
			};
			name = Debug;
		};
		B123A34E24EDDDA7008EABC3 /* Release */ = {
			isa = XCBuildConfiguration;
			baseConfigurationReference = 775220359E02D876F89BB666 /* Pods-JustHerosSnapshotTests.release.xcconfig */;
			buildSettings = {
				BUNDLE_LOADER = "$(TEST_HOST)";
				CODE_SIGN_STYLE = Automatic;
				DEVELOPMENT_TEAM = XCD7YJUC25;
				INFOPLIST_FILE = JustHerosSnapshotTests/Info.plist;
				LD_RUNPATH_SEARCH_PATHS = (
					"$(inherited)",
					"@executable_path/Frameworks",
					"@loader_path/Frameworks",
				);
				PRODUCT_BUNDLE_IDENTIFIER = com.nieldm.JustHerosSnapshotTests;
				PRODUCT_NAME = "$(TARGET_NAME)";
				SWIFT_VERSION = 5.0;
				TARGETED_DEVICE_FAMILY = "1,2";
				TEST_HOST = "$(BUILT_PRODUCTS_DIR)/JustHeroes.app/JustHeroes";
			};
			name = Release;
		};
		B17F520724EC4D0C00ECEAA6 /* Debug */ = {
			isa = XCBuildConfiguration;
			buildSettings = {
				ALWAYS_SEARCH_USER_PATHS = NO;
				CLANG_ANALYZER_NONNULL = YES;
				CLANG_ANALYZER_NUMBER_OBJECT_CONVERSION = YES_AGGRESSIVE;
				CLANG_CXX_LANGUAGE_STANDARD = "gnu++14";
				CLANG_CXX_LIBRARY = "libc++";
				CLANG_ENABLE_MODULES = YES;
				CLANG_ENABLE_OBJC_ARC = YES;
				CLANG_ENABLE_OBJC_WEAK = YES;
				CLANG_WARN_BLOCK_CAPTURE_AUTORELEASING = YES;
				CLANG_WARN_BOOL_CONVERSION = YES;
				CLANG_WARN_COMMA = YES;
				CLANG_WARN_CONSTANT_CONVERSION = YES;
				CLANG_WARN_DEPRECATED_OBJC_IMPLEMENTATIONS = YES;
				CLANG_WARN_DIRECT_OBJC_ISA_USAGE = YES_ERROR;
				CLANG_WARN_DOCUMENTATION_COMMENTS = YES;
				CLANG_WARN_EMPTY_BODY = YES;
				CLANG_WARN_ENUM_CONVERSION = YES;
				CLANG_WARN_INFINITE_RECURSION = YES;
				CLANG_WARN_INT_CONVERSION = YES;
				CLANG_WARN_NON_LITERAL_NULL_CONVERSION = YES;
				CLANG_WARN_OBJC_IMPLICIT_RETAIN_SELF = YES;
				CLANG_WARN_OBJC_LITERAL_CONVERSION = YES;
				CLANG_WARN_OBJC_ROOT_CLASS = YES_ERROR;
				CLANG_WARN_RANGE_LOOP_ANALYSIS = YES;
				CLANG_WARN_STRICT_PROTOTYPES = YES;
				CLANG_WARN_SUSPICIOUS_MOVE = YES;
				CLANG_WARN_UNGUARDED_AVAILABILITY = YES_AGGRESSIVE;
				CLANG_WARN_UNREACHABLE_CODE = YES;
				CLANG_WARN__DUPLICATE_METHOD_MATCH = YES;
				COPY_PHASE_STRIP = NO;
				DEBUG_INFORMATION_FORMAT = dwarf;
				ENABLE_STRICT_OBJC_MSGSEND = YES;
				ENABLE_TESTABILITY = YES;
				GCC_C_LANGUAGE_STANDARD = gnu11;
				GCC_DYNAMIC_NO_PIC = NO;
				GCC_NO_COMMON_BLOCKS = YES;
				GCC_OPTIMIZATION_LEVEL = 0;
				GCC_PREPROCESSOR_DEFINITIONS = (
					"DEBUG=1",
					"$(inherited)",
				);
				GCC_WARN_64_TO_32_BIT_CONVERSION = YES;
				GCC_WARN_ABOUT_RETURN_TYPE = YES_ERROR;
				GCC_WARN_UNDECLARED_SELECTOR = YES;
				GCC_WARN_UNINITIALIZED_AUTOS = YES_AGGRESSIVE;
				GCC_WARN_UNUSED_FUNCTION = YES;
				GCC_WARN_UNUSED_VARIABLE = YES;
				IPHONEOS_DEPLOYMENT_TARGET = 13.5;
				MTL_ENABLE_DEBUG_INFO = INCLUDE_SOURCE;
				MTL_FAST_MATH = YES;
				ONLY_ACTIVE_ARCH = YES;
				SDKROOT = iphoneos;
				SWIFT_ACTIVE_COMPILATION_CONDITIONS = DEBUG;
				SWIFT_OPTIMIZATION_LEVEL = "-Onone";
			};
			name = Debug;
		};
		B17F520824EC4D0C00ECEAA6 /* Release */ = {
			isa = XCBuildConfiguration;
			buildSettings = {
				ALWAYS_SEARCH_USER_PATHS = NO;
				CLANG_ANALYZER_NONNULL = YES;
				CLANG_ANALYZER_NUMBER_OBJECT_CONVERSION = YES_AGGRESSIVE;
				CLANG_CXX_LANGUAGE_STANDARD = "gnu++14";
				CLANG_CXX_LIBRARY = "libc++";
				CLANG_ENABLE_MODULES = YES;
				CLANG_ENABLE_OBJC_ARC = YES;
				CLANG_ENABLE_OBJC_WEAK = YES;
				CLANG_WARN_BLOCK_CAPTURE_AUTORELEASING = YES;
				CLANG_WARN_BOOL_CONVERSION = YES;
				CLANG_WARN_COMMA = YES;
				CLANG_WARN_CONSTANT_CONVERSION = YES;
				CLANG_WARN_DEPRECATED_OBJC_IMPLEMENTATIONS = YES;
				CLANG_WARN_DIRECT_OBJC_ISA_USAGE = YES_ERROR;
				CLANG_WARN_DOCUMENTATION_COMMENTS = YES;
				CLANG_WARN_EMPTY_BODY = YES;
				CLANG_WARN_ENUM_CONVERSION = YES;
				CLANG_WARN_INFINITE_RECURSION = YES;
				CLANG_WARN_INT_CONVERSION = YES;
				CLANG_WARN_NON_LITERAL_NULL_CONVERSION = YES;
				CLANG_WARN_OBJC_IMPLICIT_RETAIN_SELF = YES;
				CLANG_WARN_OBJC_LITERAL_CONVERSION = YES;
				CLANG_WARN_OBJC_ROOT_CLASS = YES_ERROR;
				CLANG_WARN_RANGE_LOOP_ANALYSIS = YES;
				CLANG_WARN_STRICT_PROTOTYPES = YES;
				CLANG_WARN_SUSPICIOUS_MOVE = YES;
				CLANG_WARN_UNGUARDED_AVAILABILITY = YES_AGGRESSIVE;
				CLANG_WARN_UNREACHABLE_CODE = YES;
				CLANG_WARN__DUPLICATE_METHOD_MATCH = YES;
				COPY_PHASE_STRIP = NO;
				DEBUG_INFORMATION_FORMAT = "dwarf-with-dsym";
				ENABLE_NS_ASSERTIONS = NO;
				ENABLE_STRICT_OBJC_MSGSEND = YES;
				GCC_C_LANGUAGE_STANDARD = gnu11;
				GCC_NO_COMMON_BLOCKS = YES;
				GCC_WARN_64_TO_32_BIT_CONVERSION = YES;
				GCC_WARN_ABOUT_RETURN_TYPE = YES_ERROR;
				GCC_WARN_UNDECLARED_SELECTOR = YES;
				GCC_WARN_UNINITIALIZED_AUTOS = YES_AGGRESSIVE;
				GCC_WARN_UNUSED_FUNCTION = YES;
				GCC_WARN_UNUSED_VARIABLE = YES;
				IPHONEOS_DEPLOYMENT_TARGET = 13.5;
				MTL_ENABLE_DEBUG_INFO = NO;
				MTL_FAST_MATH = YES;
				SDKROOT = iphoneos;
				SWIFT_COMPILATION_MODE = wholemodule;
				SWIFT_OPTIMIZATION_LEVEL = "-O";
				VALIDATE_PRODUCT = YES;
			};
			name = Release;
		};
		B17F520A24EC4D0C00ECEAA6 /* Debug */ = {
			isa = XCBuildConfiguration;
			baseConfigurationReference = 43E5A243D1075B20C01D55A7 /* Pods-JustHeroes.debug.xcconfig */;
			buildSettings = {
				ASSETCATALOG_COMPILER_APPICON_NAME = AppIcon;
				CODE_SIGN_STYLE = Automatic;
				DEVELOPMENT_ASSET_PATHS = "\"JustHeroes/Preview Content\"";
				DEVELOPMENT_TEAM = XCD7YJUC25;
				ENABLE_PREVIEWS = YES;
				INFOPLIST_FILE = JustHeroes/Info.plist;
				LD_RUNPATH_SEARCH_PATHS = (
					"$(inherited)",
					"@executable_path/Frameworks",
				);
				PRODUCT_BUNDLE_IDENTIFIER = com.nieldm.JustHeroes;
				PRODUCT_NAME = "$(TARGET_NAME)";
				SWIFT_VERSION = 5.0;
				TARGETED_DEVICE_FAMILY = "1,2";
			};
			name = Debug;
		};
		B17F520B24EC4D0C00ECEAA6 /* Release */ = {
			isa = XCBuildConfiguration;
			baseConfigurationReference = 488469E0400614BD07219B59 /* Pods-JustHeroes.release.xcconfig */;
			buildSettings = {
				ASSETCATALOG_COMPILER_APPICON_NAME = AppIcon;
				CODE_SIGN_STYLE = Automatic;
				DEVELOPMENT_ASSET_PATHS = "\"JustHeroes/Preview Content\"";
				DEVELOPMENT_TEAM = XCD7YJUC25;
				ENABLE_PREVIEWS = YES;
				INFOPLIST_FILE = JustHeroes/Info.plist;
				LD_RUNPATH_SEARCH_PATHS = (
					"$(inherited)",
					"@executable_path/Frameworks",
				);
				PRODUCT_BUNDLE_IDENTIFIER = com.nieldm.JustHeroes;
				PRODUCT_NAME = "$(TARGET_NAME)";
				SWIFT_VERSION = 5.0;
				TARGETED_DEVICE_FAMILY = "1,2";
			};
			name = Release;
		};
		B17F520D24EC4D0C00ECEAA6 /* Debug */ = {
			isa = XCBuildConfiguration;
			baseConfigurationReference = 38DCB65EF8E374C4032432A4 /* Pods-JustHeroesTests.debug.xcconfig */;
			buildSettings = {
				ALWAYS_EMBED_SWIFT_STANDARD_LIBRARIES = YES;
				BUNDLE_LOADER = "$(TEST_HOST)";
				CODE_SIGN_STYLE = Automatic;
				DEVELOPMENT_TEAM = XCD7YJUC25;
				INFOPLIST_FILE = JustHeroesTests/Info.plist;
				IPHONEOS_DEPLOYMENT_TARGET = 13.5;
				LD_RUNPATH_SEARCH_PATHS = (
					"$(inherited)",
					"@executable_path/Frameworks",
					"@loader_path/Frameworks",
				);
				PRODUCT_BUNDLE_IDENTIFIER = com.nieldm.JustHeroesTests;
				PRODUCT_NAME = "$(TARGET_NAME)";
				SWIFT_VERSION = 5.0;
				TARGETED_DEVICE_FAMILY = "1,2";
				TEST_HOST = "$(BUILT_PRODUCTS_DIR)/JustHeroes.app/JustHeroes";
			};
			name = Debug;
		};
		B17F520E24EC4D0C00ECEAA6 /* Release */ = {
			isa = XCBuildConfiguration;
			baseConfigurationReference = F2784812CD5483FC1DD1192D /* Pods-JustHeroesTests.release.xcconfig */;
			buildSettings = {
				ALWAYS_EMBED_SWIFT_STANDARD_LIBRARIES = YES;
				BUNDLE_LOADER = "$(TEST_HOST)";
				CODE_SIGN_STYLE = Automatic;
				DEVELOPMENT_TEAM = XCD7YJUC25;
				INFOPLIST_FILE = JustHeroesTests/Info.plist;
				IPHONEOS_DEPLOYMENT_TARGET = 13.5;
				LD_RUNPATH_SEARCH_PATHS = (
					"$(inherited)",
					"@executable_path/Frameworks",
					"@loader_path/Frameworks",
				);
				PRODUCT_BUNDLE_IDENTIFIER = com.nieldm.JustHeroesTests;
				PRODUCT_NAME = "$(TARGET_NAME)";
				SWIFT_VERSION = 5.0;
				TARGETED_DEVICE_FAMILY = "1,2";
				TEST_HOST = "$(BUILT_PRODUCTS_DIR)/JustHeroes.app/JustHeroes";
			};
			name = Release;
		};
		B17F521024EC4D0C00ECEAA6 /* Debug */ = {
			isa = XCBuildConfiguration;
			baseConfigurationReference = EA846486557CBF5A71B0B89B /* Pods-JustHeroesUITests.debug.xcconfig */;
			buildSettings = {
				ALWAYS_EMBED_SWIFT_STANDARD_LIBRARIES = YES;
				CODE_SIGN_STYLE = Automatic;
				DEVELOPMENT_TEAM = XCD7YJUC25;
				INFOPLIST_FILE = JustHeroesUITests/Info.plist;
				LD_RUNPATH_SEARCH_PATHS = (
					"$(inherited)",
					"@executable_path/Frameworks",
					"@loader_path/Frameworks",
				);
				PRODUCT_BUNDLE_IDENTIFIER = com.nieldm.JustHeroesUITests;
				PRODUCT_NAME = "$(TARGET_NAME)";
				SWIFT_VERSION = 5.0;
				TARGETED_DEVICE_FAMILY = "1,2";
				TEST_TARGET_NAME = JustHeroes;
			};
			name = Debug;
		};
		B17F521124EC4D0C00ECEAA6 /* Release */ = {
			isa = XCBuildConfiguration;
			baseConfigurationReference = B7F89263EC855665A5827AD2 /* Pods-JustHeroesUITests.release.xcconfig */;
			buildSettings = {
				ALWAYS_EMBED_SWIFT_STANDARD_LIBRARIES = YES;
				CODE_SIGN_STYLE = Automatic;
				DEVELOPMENT_TEAM = XCD7YJUC25;
				INFOPLIST_FILE = JustHeroesUITests/Info.plist;
				LD_RUNPATH_SEARCH_PATHS = (
					"$(inherited)",
					"@executable_path/Frameworks",
					"@loader_path/Frameworks",
				);
				PRODUCT_BUNDLE_IDENTIFIER = com.nieldm.JustHeroesUITests;
				PRODUCT_NAME = "$(TARGET_NAME)";
				SWIFT_VERSION = 5.0;
				TARGETED_DEVICE_FAMILY = "1,2";
				TEST_TARGET_NAME = JustHeroes;
			};
			name = Release;
		};
/* End XCBuildConfiguration section */

/* Begin XCConfigurationList section */
		B123A34C24EDDDA7008EABC3 /* Build configuration list for PBXNativeTarget "JustHerosSnapshotTests" */ = {
			isa = XCConfigurationList;
			buildConfigurations = (
				B123A34D24EDDDA7008EABC3 /* Debug */,
				B123A34E24EDDDA7008EABC3 /* Release */,
			);
			defaultConfigurationIsVisible = 0;
			defaultConfigurationName = Release;
		};
		B17F51DA24EC4D0B00ECEAA6 /* Build configuration list for PBXProject "JustHeroes" */ = {
			isa = XCConfigurationList;
			buildConfigurations = (
				B17F520724EC4D0C00ECEAA6 /* Debug */,
				B17F520824EC4D0C00ECEAA6 /* Release */,
			);
			defaultConfigurationIsVisible = 0;
			defaultConfigurationName = Release;
		};
		B17F520924EC4D0C00ECEAA6 /* Build configuration list for PBXNativeTarget "JustHeroes" */ = {
			isa = XCConfigurationList;
			buildConfigurations = (
				B17F520A24EC4D0C00ECEAA6 /* Debug */,
				B17F520B24EC4D0C00ECEAA6 /* Release */,
			);
			defaultConfigurationIsVisible = 0;
			defaultConfigurationName = Release;
		};
		B17F520C24EC4D0C00ECEAA6 /* Build configuration list for PBXNativeTarget "JustHeroesTests" */ = {
			isa = XCConfigurationList;
			buildConfigurations = (
				B17F520D24EC4D0C00ECEAA6 /* Debug */,
				B17F520E24EC4D0C00ECEAA6 /* Release */,
			);
			defaultConfigurationIsVisible = 0;
			defaultConfigurationName = Release;
		};
		B17F520F24EC4D0C00ECEAA6 /* Build configuration list for PBXNativeTarget "JustHeroesUITests" */ = {
			isa = XCConfigurationList;
			buildConfigurations = (
				B17F521024EC4D0C00ECEAA6 /* Debug */,
				B17F521124EC4D0C00ECEAA6 /* Release */,
			);
			defaultConfigurationIsVisible = 0;
			defaultConfigurationName = Release;
		};
/* End XCConfigurationList section */
	};
	rootObject = B17F51D724EC4D0B00ECEAA6 /* Project object */;
}
